
Microsoft Visual Studio Solution File, Format Version 12.00
# Visual Studio Version 17
VisualStudioVersion = 17.6.33801.468
MinimumVisualStudioVersion = 10.0.40219.1
Project("{FAE04EC0-301F-11D3-BF4B-00C04F79EFBC}") = "ComputerVision", "ComputerVision.csproj", "{46B6421D-FFE8-43F6-8B63-2A6FBB159A84}"
EndProject
Global
	GlobalSection(SolutionConfigurationPlatforms) = preSolution
		Debug|Any CPU = Debug|Any CPU
		Release|Any CPU = Release|Any CPU
	EndGlobalSection
	GlobalSection(ProjectConfigurationPlatforms) = postSolution
		{46B6421D-FFE8-43F6-8B63-2A6FBB159A84}.Debug|Any CPU.ActiveCfg = Debug|Any CPU
		{46B6421D-FFE8-43F6-8B63-2A6FBB159A84}.Debug|Any CPU.Build.0 = Debug|Any CPU
		{46B6421D-FFE8-43F6-8B63-2A6FBB159A84}.Release|Any CPU.ActiveCfg = Release|Any CPU
		{46B6421D-FFE8-43F6-8B63-2A6FBB159A84}.Release|Any CPU.Build.0 = Release|Any CPU
	EndGlobalSection
	GlobalSection(SolutionProperties) = preSolution
		HideSolutionNode = FALSE
	EndGlobalSection
	GlobalSection(ExtensibilityGlobals) = postSolution
		SolutionGuid = {8183859A-C433-4B9B-A7A4-4E1F8FFA02E1}
	EndGlobalSection
EndGlobal
